
Microsoft Visual Studio Solution File, Format Version 12.00
# Visual Studio Version 17
VisualStudioVersion = 17.2.32630.192
MinimumVisualStudioVersion = 10.0.40219.1
Project("{FAE04EC0-301F-11D3-BF4B-00C04F79EFBC}") = "DIDemo", "DIDemo\DIDemo.csproj", "{87EB6B02-1651-4F0C-99B5-36728FD1115F}"
EndProject
Global
	GlobalSection(SolutionConfigurationPlatforms) = preSolution
		Debug|Any CPU = Debug|Any CPU
		Release|Any CPU = Release|Any CPU
	EndGlobalSection
	GlobalSection(ProjectConfigurationPlatforms) = postSolution
		{87EB6B02-1651-4F0C-99B5-36728FD1115F}.Debug|Any CPU.ActiveCfg = Debug|Any CPU
		{87EB6B02-1651-4F0C-99B5-36728FD1115F}.Debug|Any CPU.Build.0 = Debug|Any CPU
		{87EB6B02-1651-4F0C-99B5-36728FD1115F}.Release|Any CPU.ActiveCfg = Release|Any CPU
		{87EB6B02-1651-4F0C-99B5-36728FD1115F}.Release|Any CPU.Build.0 = Release|Any CPU
	EndGlobalSection
	GlobalSection(SolutionProperties) = preSolution
		HideSolutionNode = FALSE
	EndGlobalSection
	GlobalSection(ExtensibilityGlobals) = postSolution
		SolutionGuid = {675BA2A9-3232-41DE-80B2-708CA9420B2E}
	EndGlobalSection
EndGlobal
